
Microsoft Visual Studio Solution File, Format Version 12.00
# Visual Studio Version 16
VisualStudioVersion = 16.0.30330.147
MinimumVisualStudioVersion = 10.0.40219.1
Project("{FAE04EC0-301F-11D3-BF4B-00C04F79EFBC}") = "DSnAlgorithm", "DSnAlgorithm\DSnAlgorithm.csproj", "{D57955CA-1470-4AB3-B185-BC16BE16DD8D}"
EndProject
Global
	GlobalSection(SolutionConfigurationPlatforms) = preSolution
		Debug|Any CPU = Debug|Any CPU
		Release|Any CPU = Release|Any CPU
	EndGlobalSection
	GlobalSection(ProjectConfigurationPlatforms) = postSolution
		{D57955CA-1470-4AB3-B185-BC16BE16DD8D}.Debug|Any CPU.ActiveCfg = Debug|Any CPU
		{D57955CA-1470-4AB3-B185-BC16BE16DD8D}.Debug|Any CPU.Build.0 = Debug|Any CPU
		{D57955CA-1470-4AB3-B185-BC16BE16DD8D}.Release|Any CPU.ActiveCfg = Release|Any CPU
		{D57955CA-1470-4AB3-B185-BC16BE16DD8D}.Release|Any CPU.Build.0 = Release|Any CPU
	EndGlobalSection
	GlobalSection(SolutionProperties) = preSolution
		HideSolutionNode = FALSE
	EndGlobalSection
	GlobalSection(ExtensibilityGlobals) = postSolution
		SolutionGuid = {5A3D3C57-96FF-4036-9E15-EA2AA9030F25}
	EndGlobalSection
EndGlobal
