
Microsoft Visual Studio Solution File, Format Version 12.00
# Visual Studio Version 16
VisualStudioVersion = 16.0.30204.135
MinimumVisualStudioVersion = 10.0.40219.1
Project("{FAE04EC0-301F-11D3-BF4B-00C04F79EFBC}") = "OlaFFProj", "OlaFFProj\OlaFFProj.csproj", "{6169E49E-7CDA-4425-8071-B44B04A3A0A6}"
EndProject
Global
	GlobalSection(SolutionConfigurationPlatforms) = preSolution
		Debug|Any CPU = Debug|Any CPU
		Release|Any CPU = Release|Any CPU
	EndGlobalSection
	GlobalSection(ProjectConfigurationPlatforms) = postSolution
		{6169E49E-7CDA-4425-8071-B44B04A3A0A6}.Debug|Any CPU.ActiveCfg = Debug|Any CPU
		{6169E49E-7CDA-4425-8071-B44B04A3A0A6}.Debug|Any CPU.Build.0 = Debug|Any CPU
		{6169E49E-7CDA-4425-8071-B44B04A3A0A6}.Release|Any CPU.ActiveCfg = Release|Any CPU
		{6169E49E-7CDA-4425-8071-B44B04A3A0A6}.Release|Any CPU.Build.0 = Release|Any CPU
	EndGlobalSection
	GlobalSection(SolutionProperties) = preSolution
		HideSolutionNode = FALSE
	EndGlobalSection
	GlobalSection(ExtensibilityGlobals) = postSolution
		SolutionGuid = {222DCE4D-1865-4D5E-8AA5-C73946F25BFC}
	EndGlobalSection
EndGlobal
