
Microsoft Visual Studio Solution File, Format Version 12.00
# Visual Studio Version 16
VisualStudioVersion = 16.0.30330.147
MinimumVisualStudioVersion = 10.0.40219.1
Project("{FAE04EC0-301F-11D3-BF4B-00C04F79EFBC}") = "WeatherApp", "WeatherApp\WeatherApp.csproj", "{FB90D5A4-88FF-4A5A-B0B1-FB94BAD5F779}"
EndProject
Global
	GlobalSection(SolutionConfigurationPlatforms) = preSolution
		Debug|Any CPU = Debug|Any CPU
		Release|Any CPU = Release|Any CPU
	EndGlobalSection
	GlobalSection(ProjectConfigurationPlatforms) = postSolution
		{FB90D5A4-88FF-4A5A-B0B1-FB94BAD5F779}.Debug|Any CPU.ActiveCfg = Debug|Any CPU
		{FB90D5A4-88FF-4A5A-B0B1-FB94BAD5F779}.Debug|Any CPU.Build.0 = Debug|Any CPU
		{FB90D5A4-88FF-4A5A-B0B1-FB94BAD5F779}.Release|Any CPU.ActiveCfg = Release|Any CPU
		{FB90D5A4-88FF-4A5A-B0B1-FB94BAD5F779}.Release|Any CPU.Build.0 = Release|Any CPU
	EndGlobalSection
	GlobalSection(SolutionProperties) = preSolution
		HideSolutionNode = FALSE
	EndGlobalSection
	GlobalSection(ExtensibilityGlobals) = postSolution
		SolutionGuid = {2CEB771D-24CA-49AF-BD99-A6574B43876B}
	EndGlobalSection
EndGlobal
